Microsoft Visual Studio Solution File, Format Version 12.00
# Visual Studio 2013
Project("{8BC9CEB8-8B4A-11D0-8D11-00A0C91BC942}") = "gtest", "D:/vs/demo_mdmbox/soui2/third-part/gtest\gtest.vcxproj", "{816BC35B-2596-32C0-BA3F-4BDD4CE9126F}"
EndProject
Project("{8BC9CEB8-8B4A-11D0-8D11-00A0C91BC942}") = "png", "D:/vs/demo_mdmbox/soui2/third-part/png\png.vcxproj", "{CD4813E0-01E8-381A-B39F-345055C252B7}"
EndProject
Project("{8BC9CEB8-8B4A-11D0-8D11-00A0C91BC942}") = "skia", "D:/vs/demo_mdmbox/soui2/third-part/skia\skia.vcxproj", "{3AD8ADF6-8708-3BCC-A66E-114C7D88D1D4}"
EndProject
Project("{8BC9CEB8-8B4A-11D0-8D11-00A0C91BC942}") = "zlib", "D:/vs/demo_mdmbox/soui2/third-part/zlib\zlib.vcxproj", "{02301DD9-8C1C-3DB9-8971-F9090D79FDD5}"
EndProject
Project("{8BC9CEB8-8B4A-11D0-8D11-00A0C91BC942}") = "lua-52", "D:/vs/demo_mdmbox/soui2/third-part/lua-52\lua-52.vcxproj", "{381B2E34-0A4E-306B-89B0-D72687212026}"
EndProject
Project("{8BC9CEB8-8B4A-11D0-8D11-00A0C91BC942}") = "smiley", "D:/vs/demo_mdmbox/soui2/third-part/smiley\smiley.vcxproj", "{6E4EEC4A-0057-3692-BA8E-684D72DCCB61}"
EndProject
Project("{8BC9CEB8-8B4A-11D0-8D11-00A0C91BC942}") = "mhook", "D:/vs/demo_mdmbox/soui2/third-part/mhook\mhook.vcxproj", "{8966DF26-B993-3AD4-A9DF-05109B3BBB77}"
EndProject
Project("{8BC9CEB8-8B4A-11D0-8D11-00A0C91BC942}") = "7z", "D:/vs/demo_mdmbox/soui2/third-part/7z\7z.vcxproj", "{E0F01670-F5EB-342A-AF63-9DBF50A4AC3C}"
EndProject
Project("{8BC9CEB8-8B4A-11D0-8D11-00A0C91BC942}") = "scintilla", "D:/vs/demo_mdmbox/soui2/third-part/scintilla\scintilla.vcxproj", "{0125A426-E188-3081-AE25-92C9B4588D81}"
EndProject
Project("{8BC9CEB8-8B4A-11D0-8D11-00A0C91BC942}") = "sqlite3", "D:/vs/demo_mdmbox/soui2/third-part/sqlite3\sqlite3.vcxproj", "{0F678AEA-7796-3AC9-A3B7-4170CB18655B}"
EndProject
Project("{8BC9CEB8-8B4A-11D0-8D11-00A0C91BC942}") = "jsoncpp", "D:/vs/demo_mdmbox/soui2/third-part/jsoncpp\jsoncpp.vcxproj", "{573061F8-F134-34A5-878C-7FA20E1BE07C}"
EndProject
Project("{8BC9CEB8-8B4A-11D0-8D11-00A0C91BC942}") = "SkMatrix", "D:/vs/demo_mdmbox/soui2/third-part/skmatrix\SkMatrix.vcxproj", "{CBA4BACD-84EA-31E2-A471-91F8A4B8C92D}"
EndProject
Project("{8BC9CEB8-8B4A-11D0-8D11-00A0C91BC942}") = "utilities", "D:/vs/demo_mdmbox/soui2/utilities\utilities.vcxproj", "{20EFE89B-050E-3B2A-8931-A996A9A98B03}"
EndProject
Project("{8BC9CEB8-8B4A-11D0-8D11-00A0C91BC942}") = "soui-sys-resource", "D:/vs/demo_mdmbox/soui2/soui-sys-resource\soui-sys-resource.vcxproj", "{CABE6320-1772-3251-A8FD-362CE29008B8}"
EndProject
Project("{8BC9CEB8-8B4A-11D0-8D11-00A0C91BC942}") = "soui", "D:/vs/demo_mdmbox/soui2/soui\soui.vcxproj", "{B3E8A0E3-1CA9-328F-AE58-FB1837858341}"
	ProjectSection(ProjectDependencies) = postProject
		{20EFE89B-050E-3B2A-8931-A996A9A98B03} = {20EFE89B-050E-3B2A-8931-A996A9A98B03}
		{CABE6320-1772-3251-A8FD-362CE29008B8} = {CABE6320-1772-3251-A8FD-362CE29008B8}
		{20EFE89B-050E-3B2A-8931-A996A9A98B03} = {20EFE89B-050E-3B2A-8931-A996A9A98B03}
	EndProjectSection
EndProject
Project("{8BC9CEB8-8B4A-11D0-8D11-00A0C91BC942}") = "imgdecoder-wic", "D:/vs/demo_mdmbox/soui2/components/imgdecoder-wic\imgdecoder-wic.vcxproj", "{2375D535-128A-3367-A5BF-0520AEA4B8F5}"
EndProject
Project("{8BC9CEB8-8B4A-11D0-8D11-00A0C91BC942}") = "render-gdi", "D:/vs/demo_mdmbox/soui2/components/render-gdi\render-gdi.vcxproj", "{B2ADFED6-B712-3623-990A-CE5602CC533D}"
	ProjectSection(ProjectDependencies) = postProject
		{20EFE89B-050E-3B2A-8931-A996A9A98B03} = {20EFE89B-050E-3B2A-8931-A996A9A98B03}
	EndProjectSection
EndProject
Project("{8BC9CEB8-8B4A-11D0-8D11-00A0C91BC942}") = "render-skia", "D:/vs/demo_mdmbox/soui2/components/render-skia\render-skia.vcxproj", "{F66C1496-1FB8-3D74-B7AE-008FE36133D2}"
	ProjectSection(ProjectDependencies) = postProject
		{3AD8ADF6-8708-3BCC-A66E-114C7D88D1D4} = {3AD8ADF6-8708-3BCC-A66E-114C7D88D1D4}
		{20EFE89B-050E-3B2A-8931-A996A9A98B03} = {20EFE89B-050E-3B2A-8931-A996A9A98B03}
		{3AD8ADF6-8708-3BCC-A66E-114C7D88D1D4} = {3AD8ADF6-8708-3BCC-A66E-114C7D88D1D4}
	EndProjectSection
EndProject
Project("{8BC9CEB8-8B4A-11D0-8D11-00A0C91BC942}") = "translator", "D:/vs/demo_mdmbox/soui2/components/translator\translator.vcxproj", "{340EEADE-C329-39DB-8B95-1063EF11C6D6}"
	ProjectSection(ProjectDependencies) = postProject
		{20EFE89B-050E-3B2A-8931-A996A9A98B03} = {20EFE89B-050E-3B2A-8931-A996A9A98B03}
		{20EFE89B-050E-3B2A-8931-A996A9A98B03} = {20EFE89B-050E-3B2A-8931-A996A9A98B03}
	EndProjectSection
EndProject
Project("{8BC9CEB8-8B4A-11D0-8D11-00A0C91BC942}") = "resprovider-zip", "D:/vs/demo_mdmbox/soui2/components/resprovider-zip\resprovider-zip.vcxproj", "{FBC7874C-9FE7-3CAB-B16B-782B9B12B38F}"
	ProjectSection(ProjectDependencies) = postProject
		{02301DD9-8C1C-3DB9-8971-F9090D79FDD5} = {02301DD9-8C1C-3DB9-8971-F9090D79FDD5}
		{20EFE89B-050E-3B2A-8931-A996A9A98B03} = {20EFE89B-050E-3B2A-8931-A996A9A98B03}
		{02301DD9-8C1C-3DB9-8971-F9090D79FDD5} = {02301DD9-8C1C-3DB9-8971-F9090D79FDD5}
		{20EFE89B-050E-3B2A-8931-A996A9A98B03} = {20EFE89B-050E-3B2A-8931-A996A9A98B03}
	EndProjectSection
EndProject
Project("{8BC9CEB8-8B4A-11D0-8D11-00A0C91BC942}") = "imgdecoder-stb", "D:/vs/demo_mdmbox/soui2/components/imgdecoder-stb\imgdecoder-stb.vcxproj", "{6F2D06B1-0095-3603-B3E1-430D34AD506A}"
EndProject
Project("{8BC9CEB8-8B4A-11D0-8D11-00A0C91BC942}") = "imgdecoder-png", "D:/vs/demo_mdmbox/soui2/components/imgdecoder-png\imgdecoder-png.vcxproj", "{86EABB47-26B1-3E02-8A46-8E6675FE5E22}"
	ProjectSection(ProjectDependencies) = postProject
		{02301DD9-8C1C-3DB9-8971-F9090D79FDD5} = {02301DD9-8C1C-3DB9-8971-F9090D79FDD5}
		{CD4813E0-01E8-381A-B39F-345055C252B7} = {CD4813E0-01E8-381A-B39F-345055C252B7}
		{02301DD9-8C1C-3DB9-8971-F9090D79FDD5} = {02301DD9-8C1C-3DB9-8971-F9090D79FDD5}
		{CD4813E0-01E8-381A-B39F-345055C252B7} = {CD4813E0-01E8-381A-B39F-345055C252B7}
	EndProjectSection
EndProject
Project("{8BC9CEB8-8B4A-11D0-8D11-00A0C91BC942}") = "imgdecoder-gdip", "D:/vs/demo_mdmbox/soui2/components/imgdecoder-gdip\imgdecoder-gdip.vcxproj", "{96C988E5-E563-36D7-91ED-BF1CF0B4C404}"
EndProject
Project("{8BC9CEB8-8B4A-11D0-8D11-00A0C91BC942}") = "scriptmodule-lua", "D:/vs/demo_mdmbox/soui2/components/ScriptModule-LUA\scriptmodule-lua.vcxproj", "{870A5D9B-1C74-3AD0-B260-ADAFA37BC9E6}"
	ProjectSection(ProjectDependencies) = postProject
		{B3E8A0E3-1CA9-328F-AE58-FB1837858341} = {B3E8A0E3-1CA9-328F-AE58-FB1837858341}
		{381B2E34-0A4E-306B-89B0-D72687212026} = {381B2E34-0A4E-306B-89B0-D72687212026}
		{381B2E34-0A4E-306B-89B0-D72687212026} = {381B2E34-0A4E-306B-89B0-D72687212026}
		{B3E8A0E3-1CA9-328F-AE58-FB1837858341} = {B3E8A0E3-1CA9-328F-AE58-FB1837858341}
		{20EFE89B-050E-3B2A-8931-A996A9A98B03} = {20EFE89B-050E-3B2A-8931-A996A9A98B03}
	EndProjectSection
EndProject
Project("{8BC9CEB8-8B4A-11D0-8D11-00A0C91BC942}") = "log4z", "D:/vs/demo_mdmbox/soui2/components/log4z\log4z.vcxproj", "{BB8CECB8-C9F1-3D91-9AE0-B397A78EC9C4}"
EndProject
Project("{8BC9CEB8-8B4A-11D0-8D11-00A0C91BC942}") = "resprovider-7zip", "D:/vs/demo_mdmbox/soui2/components/resprovider-7zip\resprovider-7zip.vcxproj", "{E149ACC8-A116-3C00-A2E4-24354A6EB896}"
	ProjectSection(ProjectDependencies) = postProject
		{E0F01670-F5EB-342A-AF63-9DBF50A4AC3C} = {E0F01670-F5EB-342A-AF63-9DBF50A4AC3C}
		{20EFE89B-050E-3B2A-8931-A996A9A98B03} = {20EFE89B-050E-3B2A-8931-A996A9A98B03}
		{E0F01670-F5EB-342A-AF63-9DBF50A4AC3C} = {E0F01670-F5EB-342A-AF63-9DBF50A4AC3C}
		{20EFE89B-050E-3B2A-8931-A996A9A98B03} = {20EFE89B-050E-3B2A-8931-A996A9A98B03}
	EndProjectSection
EndProject
Project("{8BC9CEB8-8B4A-11D0-8D11-00A0C91BC942}") = "TaskLoop", "D:/vs/demo_mdmbox/soui2/components/TaskLoop\TaskLoop.vcxproj", "{4343CFE3-C2D1-3A08-A742-A82C4153FFD0}"
	ProjectSection(ProjectDependencies) = postProject
		{20EFE89B-050E-3B2A-8931-A996A9A98B03} = {20EFE89B-050E-3B2A-8931-A996A9A98B03}
		{20EFE89B-050E-3B2A-8931-A996A9A98B03} = {20EFE89B-050E-3B2A-8931-A996A9A98B03}
	EndProjectSection
EndProject
Project("{8BC9CEB8-8B4A-11D0-8D11-00A0C91BC942}") = "SIpcObject", "D:/vs/demo_mdmbox/soui2/components/SIpcObject\SIpcObject.vcxproj", "{00A39BD4-01EA-31E9-94F1-29E708A12D13}"
	ProjectSection(ProjectDependencies) = postProject
		{20EFE89B-050E-3B2A-8931-A996A9A98B03} = {20EFE89B-050E-3B2A-8931-A996A9A98B03}
	EndProjectSection
EndProject
Project("{8BC9CEB8-8B4A-11D0-8D11-00A0C91BC942}") = "demo", "D:/vs/demo_mdmbox/soui2/demo\demo.vcxproj", "{4E7D8A15-B18E-3237-86D7-95679D02C396}"
	ProjectSection(ProjectDependencies) = postProject
		{B3E8A0E3-1CA9-328F-AE58-FB1837858341} = {B3E8A0E3-1CA9-328F-AE58-FB1837858341}
		{CBA4BACD-84EA-31E2-A471-91F8A4B8C92D} = {CBA4BACD-84EA-31E2-A471-91F8A4B8C92D}
		{20EFE89B-050E-3B2A-8931-A996A9A98B03} = {20EFE89B-050E-3B2A-8931-A996A9A98B03}
		{B3E8A0E3-1CA9-328F-AE58-FB1837858341} = {B3E8A0E3-1CA9-328F-AE58-FB1837858341}
		{8966DF26-B993-3AD4-A9DF-05109B3BBB77} = {8966DF26-B993-3AD4-A9DF-05109B3BBB77}
		{6E4EEC4A-0057-3692-BA8E-684D72DCCB61} = {6E4EEC4A-0057-3692-BA8E-684D72DCCB61}
	EndProjectSection
EndProject
Global
	GlobalSection(SolutionConfigurationPlatforms) = preSolution
		Debug|Win32 = Debug|Win32
		Release|Win32 = Release|Win32
	EndGlobalSection
	GlobalSection(ProjectConfigurationPlatforms) = postSolution
		{816BC35B-2596-32C0-BA3F-4BDD4CE9126F}.Debug|Win32.ActiveCfg = Debug|Win32
		{816BC35B-2596-32C0-BA3F-4BDD4CE9126F}.Debug|Win32.Build.0 = Debug|Win32
		{816BC35B-2596-32C0-BA3F-4BDD4CE9126F}.Release|Win32.ActiveCfg = Release|Win32
		{816BC35B-2596-32C0-BA3F-4BDD4CE9126F}.Release|Win32.Build.0 = Release|Win32
		{CD4813E0-01E8-381A-B39F-345055C252B7}.Debug|Win32.ActiveCfg = Debug|Win32
		{CD4813E0-01E8-381A-B39F-345055C252B7}.Debug|Win32.Build.0 = Debug|Win32
		{CD4813E0-01E8-381A-B39F-345055C252B7}.Release|Win32.ActiveCfg = Release|Win32
		{CD4813E0-01E8-381A-B39F-345055C252B7}.Release|Win32.Build.0 = Release|Win32
		{3AD8ADF6-8708-3BCC-A66E-114C7D88D1D4}.Debug|Win32.ActiveCfg = Debug|Win32
		{3AD8ADF6-8708-3BCC-A66E-114C7D88D1D4}.Debug|Win32.Build.0 = Debug|Win32
		{3AD8ADF6-8708-3BCC-A66E-114C7D88D1D4}.Release|Win32.ActiveCfg = Release|Win32
		{3AD8ADF6-8708-3BCC-A66E-114C7D88D1D4}.Release|Win32.Build.0 = Release|Win32
		{02301DD9-8C1C-3DB9-8971-F9090D79FDD5}.Debug|Win32.ActiveCfg = Debug|Win32
		{02301DD9-8C1C-3DB9-8971-F9090D79FDD5}.Debug|Win32.Build.0 = Debug|Win32
		{02301DD9-8C1C-3DB9-8971-F9090D79FDD5}.Release|Win32.ActiveCfg = Release|Win32
		{02301DD9-8C1C-3DB9-8971-F9090D79FDD5}.Release|Win32.Build.0 = Release|Win32
		{381B2E34-0A4E-306B-89B0-D72687212026}.Debug|Win32.ActiveCfg = Debug|Win32
		{381B2E34-0A4E-306B-89B0-D72687212026}.Debug|Win32.Build.0 = Debug|Win32
		{381B2E34-0A4E-306B-89B0-D72687212026}.Release|Win32.ActiveCfg = Release|Win32
		{381B2E34-0A4E-306B-89B0-D72687212026}.Release|Win32.Build.0 = Release|Win32
		{6E4EEC4A-0057-3692-BA8E-684D72DCCB61}.Debug|Win32.ActiveCfg = Debug|Win32
		{6E4EEC4A-0057-3692-BA8E-684D72DCCB61}.Debug|Win32.Build.0 = Debug|Win32
		{6E4EEC4A-0057-3692-BA8E-684D72DCCB61}.Release|Win32.ActiveCfg = Release|Win32
		{6E4EEC4A-0057-3692-BA8E-684D72DCCB61}.Release|Win32.Build.0 = Release|Win32
		{8966DF26-B993-3AD4-A9DF-05109B3BBB77}.Debug|Win32.ActiveCfg = Debug|Win32
		{8966DF26-B993-3AD4-A9DF-05109B3BBB77}.Debug|Win32.Build.0 = Debug|Win32
		{8966DF26-B993-3AD4-A9DF-05109B3BBB77}.Release|Win32.ActiveCfg = Release|Win32
		{8966DF26-B993-3AD4-A9DF-05109B3BBB77}.Release|Win32.Build.0 = Release|Win32
		{E0F01670-F5EB-342A-AF63-9DBF50A4AC3C}.Debug|Win32.ActiveCfg = Debug|Win32
		{E0F01670-F5EB-342A-AF63-9DBF50A4AC3C}.Debug|Win32.Build.0 = Debug|Win32
		{E0F01670-F5EB-342A-AF63-9DBF50A4AC3C}.Release|Win32.ActiveCfg = Release|Win32
		{E0F01670-F5EB-342A-AF63-9DBF50A4AC3C}.Release|Win32.Build.0 = Release|Win32
		{0125A426-E188-3081-AE25-92C9B4588D81}.Debug|Win32.ActiveCfg = Debug|Win32
		{0125A426-E188-3081-AE25-92C9B4588D81}.Debug|Win32.Build.0 = Debug|Win32
		{0125A426-E188-3081-AE25-92C9B4588D81}.Release|Win32.ActiveCfg = Release|Win32
		{0125A426-E188-3081-AE25-92C9B4588D81}.Release|Win32.Build.0 = Release|Win32
		{0F678AEA-7796-3AC9-A3B7-4170CB18655B}.Debug|Win32.ActiveCfg = Debug|Win32
		{0F678AEA-7796-3AC9-A3B7-4170CB18655B}.Debug|Win32.Build.0 = Debug|Win32
		{0F678AEA-7796-3AC9-A3B7-4170CB18655B}.Release|Win32.ActiveCfg = Release|Win32
		{0F678AEA-7796-3AC9-A3B7-4170CB18655B}.Release|Win32.Build.0 = Release|Win32
		{573061F8-F134-34A5-878C-7FA20E1BE07C}.Debug|Win32.ActiveCfg = Debug|Win32
		{573061F8-F134-34A5-878C-7FA20E1BE07C}.Debug|Win32.Build.0 = Debug|Win32
		{573061F8-F134-34A5-878C-7FA20E1BE07C}.Release|Win32.ActiveCfg = Release|Win32
		{573061F8-F134-34A5-878C-7FA20E1BE07C}.Release|Win32.Build.0 = Release|Win32
		{CBA4BACD-84EA-31E2-A471-91F8A4B8C92D}.Debug|Win32.ActiveCfg = Debug|Win32
		{CBA4BACD-84EA-31E2-A471-91F8A4B8C92D}.Debug|Win32.Build.0 = Debug|Win32
		{CBA4BACD-84EA-31E2-A471-91F8A4B8C92D}.Release|Win32.ActiveCfg = Release|Win32
		{CBA4BACD-84EA-31E2-A471-91F8A4B8C92D}.Release|Win32.Build.0 = Release|Win32
		{20EFE89B-050E-3B2A-8931-A996A9A98B03}.Debug|Win32.ActiveCfg = Debug|Win32
		{20EFE89B-050E-3B2A-8931-A996A9A98B03}.Debug|Win32.Build.0 = Debug|Win32
		{20EFE89B-050E-3B2A-8931-A996A9A98B03}.Release|Win32.ActiveCfg = Release|Win32
		{20EFE89B-050E-3B2A-8931-A996A9A98B03}.Release|Win32.Build.0 = Release|Win32
		{CABE6320-1772-3251-A8FD-362CE29008B8}.Debug|Win32.ActiveCfg = Debug|Win32
		{CABE6320-1772-3251-A8FD-362CE29008B8}.Debug|Win32.Build.0 = Debug|Win32
		{CABE6320-1772-3251-A8FD-362CE29008B8}.Release|Win32.ActiveCfg = Release|Win32
		{CABE6320-1772-3251-A8FD-362CE29008B8}.Release|Win32.Build.0 = Release|Win32
		{B3E8A0E3-1CA9-328F-AE58-FB1837858341}.Debug|Win32.ActiveCfg = Debug|Win32
		{B3E8A0E3-1CA9-328F-AE58-FB1837858341}.Debug|Win32.Build.0 = Debug|Win32
		{B3E8A0E3-1CA9-328F-AE58-FB1837858341}.Release|Win32.ActiveCfg = Release|Win32
		{B3E8A0E3-1CA9-328F-AE58-FB1837858341}.Release|Win32.Build.0 = Release|Win32
		{2375D535-128A-3367-A5BF-0520AEA4B8F5}.Debug|Win32.ActiveCfg = Debug|Win32
		{2375D535-128A-3367-A5BF-0520AEA4B8F5}.Debug|Win32.Build.0 = Debug|Win32
		{2375D535-128A-3367-A5BF-0520AEA4B8F5}.Release|Win32.ActiveCfg = Release|Win32
		{2375D535-128A-3367-A5BF-0520AEA4B8F5}.Release|Win32.Build.0 = Release|Win32
		{B2ADFED6-B712-3623-990A-CE5602CC533D}.Debug|Win32.ActiveCfg = Debug|Win32
		{B2ADFED6-B712-3623-990A-CE5602CC533D}.Debug|Win32.Build.0 = Debug|Win32
		{B2ADFED6-B712-3623-990A-CE5602CC533D}.Release|Win32.ActiveCfg = Release|Win32
		{B2ADFED6-B712-3623-990A-CE5602CC533D}.Release|Win32.Build.0 = Release|Win32
		{F66C1496-1FB8-3D74-B7AE-008FE36133D2}.Debug|Win32.ActiveCfg = Debug|Win32
		{F66C1496-1FB8-3D74-B7AE-008FE36133D2}.Debug|Win32.Build.0 = Debug|Win32
		{F66C1496-1FB8-3D74-B7AE-008FE36133D2}.Release|Win32.ActiveCfg = Release|Win32
		{F66C1496-1FB8-3D74-B7AE-008FE36133D2}.Release|Win32.Build.0 = Release|Win32
		{340EEADE-C329-39DB-8B95-1063EF11C6D6}.Debug|Win32.ActiveCfg = Debug|Win32
		{340EEADE-C329-39DB-8B95-1063EF11C6D6}.Debug|Win32.Build.0 = Debug|Win32
		{340EEADE-C329-39DB-8B95-1063EF11C6D6}.Release|Win32.ActiveCfg = Release|Win32
		{340EEADE-C329-39DB-8B95-1063EF11C6D6}.Release|Win32.Build.0 = Release|Win32
		{FBC7874C-9FE7-3CAB-B16B-782B9B12B38F}.Debug|Win32.ActiveCfg = Debug|Win32
		{FBC7874C-9FE7-3CAB-B16B-782B9B12B38F}.Debug|Win32.Build.0 = Debug|Win32
		{FBC7874C-9FE7-3CAB-B16B-782B9B12B38F}.Release|Win32.ActiveCfg = Release|Win32
		{FBC7874C-9FE7-3CAB-B16B-782B9B12B38F}.Release|Win32.Build.0 = Release|Win32
		{6F2D06B1-0095-3603-B3E1-430D34AD506A}.Debug|Win32.ActiveCfg = Debug|Win32
		{6F2D06B1-0095-3603-B3E1-430D34AD506A}.Debug|Win32.Build.0 = Debug|Win32
		{6F2D06B1-0095-3603-B3E1-430D34AD506A}.Release|Win32.ActiveCfg = Release|Win32
		{6F2D06B1-0095-3603-B3E1-430D34AD506A}.Release|Win32.Build.0 = Release|Win32
		{86EABB47-26B1-3E02-8A46-8E6675FE5E22}.Debug|Win32.ActiveCfg = Debug|Win32
		{86EABB47-26B1-3E02-8A46-8E6675FE5E22}.Debug|Win32.Build.0 = Debug|Win32
		{86EABB47-26B1-3E02-8A46-8E6675FE5E22}.Release|Win32.ActiveCfg = Release|Win32
		{86EABB47-26B1-3E02-8A46-8E6675FE5E22}.Release|Win32.Build.0 = Release|Win32
		{96C988E5-E563-36D7-91ED-BF1CF0B4C404}.Debug|Win32.ActiveCfg = Debug|Win32
		{96C988E5-E563-36D7-91ED-BF1CF0B4C404}.Debug|Win32.Build.0 = Debug|Win32
		{96C988E5-E563-36D7-91ED-BF1CF0B4C404}.Release|Win32.ActiveCfg = Release|Win32
		{96C988E5-E563-36D7-91ED-BF1CF0B4C404}.Release|Win32.Build.0 = Release|Win32
		{870A5D9B-1C74-3AD0-B260-ADAFA37BC9E6}.Debug|Win32.ActiveCfg = Debug|Win32
		{870A5D9B-1C74-3AD0-B260-ADAFA37BC9E6}.Debug|Win32.Build.0 = Debug|Win32
		{870A5D9B-1C74-3AD0-B260-ADAFA37BC9E6}.Release|Win32.ActiveCfg = Release|Win32
		{870A5D9B-1C74-3AD0-B260-ADAFA37BC9E6}.Release|Win32.Build.0 = Release|Win32
		{BB8CECB8-C9F1-3D91-9AE0-B397A78EC9C4}.Debug|Win32.ActiveCfg = Debug|Win32
		{BB8CECB8-C9F1-3D91-9AE0-B397A78EC9C4}.Debug|Win32.Build.0 = Debug|Win32
		{BB8CECB8-C9F1-3D91-9AE0-B397A78EC9C4}.Release|Win32.ActiveCfg = Release|Win32
		{BB8CECB8-C9F1-3D91-9AE0-B397A78EC9C4}.Release|Win32.Build.0 = Release|Win32
		{E149ACC8-A116-3C00-A2E4-24354A6EB896}.Debug|Win32.ActiveCfg = Debug|Win32
		{E149ACC8-A116-3C00-A2E4-24354A6EB896}.Debug|Win32.Build.0 = Debug|Win32
		{E149ACC8-A116-3C00-A2E4-24354A6EB896}.Release|Win32.ActiveCfg = Release|Win32
		{E149ACC8-A116-3C00-A2E4-24354A6EB896}.Release|Win32.Build.0 = Release|Win32
		{4343CFE3-C2D1-3A08-A742-A82C4153FFD0}.Debug|Win32.ActiveCfg = Debug|Win32
		{4343CFE3-C2D1-3A08-A742-A82C4153FFD0}.Debug|Win32.Build.0 = Debug|Win32
		{4343CFE3-C2D1-3A08-A742-A82C4153FFD0}.Release|Win32.ActiveCfg = Release|Win32
		{4343CFE3-C2D1-3A08-A742-A82C4153FFD0}.Release|Win32.Build.0 = Release|Win32
		{00A39BD4-01EA-31E9-94F1-29E708A12D13}.Debug|Win32.ActiveCfg = Debug|Win32
		{00A39BD4-01EA-31E9-94F1-29E708A12D13}.Debug|Win32.Build.0 = Debug|Win32
		{00A39BD4-01EA-31E9-94F1-29E708A12D13}.Release|Win32.ActiveCfg = Release|Win32
		{00A39BD4-01EA-31E9-94F1-29E708A12D13}.Release|Win32.Build.0 = Release|Win32
		{4E7D8A15-B18E-3237-86D7-95679D02C396}.Debug|Win32.ActiveCfg = Debug|Win32
		{4E7D8A15-B18E-3237-86D7-95679D02C396}.Debug|Win32.Build.0 = Debug|Win32
		{4E7D8A15-B18E-3237-86D7-95679D02C396}.Release|Win32.ActiveCfg = Release|Win32
		{4E7D8A15-B18E-3237-86D7-95679D02C396}.Release|Win32.Build.0 = Release|Win32
	EndGlobalSection
	GlobalSection(ExtensibilityGlobals) = postSolution
	EndGlobalSection
	GlobalSection(ExtensibilityAddIns) = postSolution
	EndGlobalSection
EndGlobal